
Microsoft Visual Studio Solution File, Format Version 12.00
# Visual Studio Version 17
VisualStudioVersion = 17.10.34916.146
MinimumVisualStudioVersion = 10.0.40219.1
Project("{9A19103F-16F7-4668-BE54-9A1E7A4F7556}") = "EcommerceMini", "EcommerceMini\EcommerceMini.csproj", "{005EEFF7-FAB7-459B-B6AE-174D9047F964}"
EndProject
Project("{9A19103F-16F7-4668-BE54-9A1E7A4F7556}") = "BusinessLogicLayer", "BusinessLogicLayer\BusinessLogicLayer.csproj", "{EF6E8A22-E059-49E0-ABCE-165AC7F23D3E}"
EndProject
Project("{9A19103F-16F7-4668-BE54-9A1E7A4F7556}") = "DataAccessLayer", "DataAccessLayer\DataAccessLayer.csproj", "{55EDBC92-05EF-49B1-9D37-241A35F09AEF}"
EndProject
Project("{9A19103F-16F7-4668-BE54-9A1E7A4F7556}") = "DomainLayer", "DomainLayer\DomainLayer.csproj", "{C8598965-A166-4095-A79D-E61F9A9AA5DC}"
EndProject
Global
	GlobalSection(SolutionConfigurationPlatforms) = preSolution
		Debug|Any CPU = Debug|Any CPU
		Release|Any CPU = Release|Any CPU
	EndGlobalSection
	GlobalSection(ProjectConfigurationPlatforms) = postSolution
		{005EEFF7-FAB7-459B-B6AE-174D9047F964}.Debug|Any CPU.ActiveCfg = Debug|Any CPU
		{005EEFF7-FAB7-459B-B6AE-174D9047F964}.Debug|Any CPU.Build.0 = Debug|Any CPU
		{005EEFF7-FAB7-459B-B6AE-174D9047F964}.Release|Any CPU.ActiveCfg = Release|Any CPU
		{005EEFF7-FAB7-459B-B6AE-174D9047F964}.Release|Any CPU.Build.0 = Release|Any CPU
		{EF6E8A22-E059-49E0-ABCE-165AC7F23D3E}.Debug|Any CPU.ActiveCfg = Debug|Any CPU
		{EF6E8A22-E059-49E0-ABCE-165AC7F23D3E}.Debug|Any CPU.Build.0 = Debug|Any CPU
		{EF6E8A22-E059-49E0-ABCE-165AC7F23D3E}.Release|Any CPU.ActiveCfg = Release|Any CPU
		{EF6E8A22-E059-49E0-ABCE-165AC7F23D3E}.Release|Any CPU.Build.0 = Release|Any CPU
		{55EDBC92-05EF-49B1-9D37-241A35F09AEF}.Debug|Any CPU.ActiveCfg = Debug|Any CPU
		{55EDBC92-05EF-49B1-9D37-241A35F09AEF}.Debug|Any CPU.Build.0 = Debug|Any CPU
		{55EDBC92-05EF-49B1-9D37-241A35F09AEF}.Release|Any CPU.ActiveCfg = Release|Any CPU
		{55EDBC92-05EF-49B1-9D37-241A35F09AEF}.Release|Any CPU.Build.0 = Release|Any CPU
		{C8598965-A166-4095-A79D-E61F9A9AA5DC}.Debug|Any CPU.ActiveCfg = Debug|Any CPU
		{C8598965-A166-4095-A79D-E61F9A9AA5DC}.Debug|Any CPU.Build.0 = Debug|Any CPU
		{C8598965-A166-4095-A79D-E61F9A9AA5DC}.Release|Any CPU.ActiveCfg = Release|Any CPU
		{C8598965-A166-4095-A79D-E61F9A9AA5DC}.Release|Any CPU.Build.0 = Release|Any CPU
	EndGlobalSection
	GlobalSection(SolutionProperties) = preSolution
		HideSolutionNode = FALSE
	EndGlobalSection
	GlobalSection(ExtensibilityGlobals) = postSolution
		SolutionGuid = {0A3754F4-A2DC-43BB-89E0-DC5C7BC0E26F}
	EndGlobalSection
EndGlobal
